
Microsoft Visual Studio Solution File, Format Version 12.00
# Visual Studio Version 17
VisualStudioVersion = 17.8.34330.188
MinimumVisualStudioVersion = 10.0.40219.1
Project("{FAE04EC0-301F-11D3-BF4B-00C04F79EFBC}") = "Server", "Server\Server.csproj", "{A74203F1-336E-4506-B1E6-49A87F37019D}"
EndProject
Project("{FAE04EC0-301F-11D3-BF4B-00C04F79EFBC}") = "DAL", "DAL\DAL.csproj", "{67F9840A-A3F3-43CC-841D-61E305B86099}"
EndProject
Project("{FAE04EC0-301F-11D3-BF4B-00C04F79EFBC}") = "BL", "BL\BL.csproj", "{B1A6EBA3-B525-4379-89A4-8631F9D15CEB}"
EndProject
Project("{2150E333-8FDC-42A3-9474-1A3956D46DE8}") = "Solution Items", "Solution Items", "{D7FC31BB-3552-403D-8940-8E670457E1FD}"
	ProjectSection(SolutionItems) = preProject
		TextFile1.txt = TextFile1.txt
	EndProjectSection
EndProject
Global
	GlobalSection(SolutionConfigurationPlatforms) = preSolution
		Debug|Any CPU = Debug|Any CPU
		Release|Any CPU = Release|Any CPU
	EndGlobalSection
	GlobalSection(ProjectConfigurationPlatforms) = postSolution
		{A74203F1-336E-4506-B1E6-49A87F37019D}.Debug|Any CPU.ActiveCfg = Debug|Any CPU
		{A74203F1-336E-4506-B1E6-49A87F37019D}.Debug|Any CPU.Build.0 = Debug|Any CPU
		{A74203F1-336E-4506-B1E6-49A87F37019D}.Release|Any CPU.ActiveCfg = Release|Any CPU
		{A74203F1-336E-4506-B1E6-49A87F37019D}.Release|Any CPU.Build.0 = Release|Any CPU
		{67F9840A-A3F3-43CC-841D-61E305B86099}.Debug|Any CPU.ActiveCfg = Debug|Any CPU
		{67F9840A-A3F3-43CC-841D-61E305B86099}.Debug|Any CPU.Build.0 = Debug|Any CPU
		{67F9840A-A3F3-43CC-841D-61E305B86099}.Release|Any CPU.ActiveCfg = Release|Any CPU
		{67F9840A-A3F3-43CC-841D-61E305B86099}.Release|Any CPU.Build.0 = Release|Any CPU
		{B1A6EBA3-B525-4379-89A4-8631F9D15CEB}.Debug|Any CPU.ActiveCfg = Debug|Any CPU
		{B1A6EBA3-B525-4379-89A4-8631F9D15CEB}.Debug|Any CPU.Build.0 = Debug|Any CPU
		{B1A6EBA3-B525-4379-89A4-8631F9D15CEB}.Release|Any CPU.ActiveCfg = Release|Any CPU
		{B1A6EBA3-B525-4379-89A4-8631F9D15CEB}.Release|Any CPU.Build.0 = Release|Any CPU
	EndGlobalSection
	GlobalSection(SolutionProperties) = preSolution
		HideSolutionNode = FALSE
	EndGlobalSection
	GlobalSection(ExtensibilityGlobals) = postSolution
		SolutionGuid = {DD62CD06-1BB2-4E26-BC46-5BF37F6AC56F}
	EndGlobalSection
EndGlobal
